
Microsoft Visual Studio Solution File, Format Version 12.00
# Visual Studio Version 17
VisualStudioVersion = 17.13.35919.96 d17.13
MinimumVisualStudioVersion = 10.0.40219.1
Project("{FAE04EC0-301F-11D3-BF4B-00C04F79EFBC}") = "GovTransportSDK", "GovTransportSDK\GovTransportSDK.csproj", "{A65D5910-0621-4185-953A-1212D6BF9690}"
EndProject
Project("{FAE04EC0-301F-11D3-BF4B-00C04F79EFBC}") = "GovAuthSDK", "GovAuthSDK\GovAuthSDK.csproj", "{BBC00C4D-513F-4498-9FFA-749C024596C9}"
EndProject
Project("{FAE04EC0-301F-11D3-BF4B-00C04F79EFBC}") = "GovTransportApp", "GovTransportApp\GovTransportApp.csproj", "{16111934-54F0-4177-8C3C-DF3D2996A99C}"
EndProject
Global
	GlobalSection(SolutionConfigurationPlatforms) = preSolution
		Debug|Any CPU = Debug|Any CPU
		Release|Any CPU = Release|Any CPU
	EndGlobalSection
	GlobalSection(ProjectConfigurationPlatforms) = postSolution
		{A65D5910-0621-4185-953A-1212D6BF9690}.Debug|Any CPU.ActiveCfg = Debug|Any CPU
		{A65D5910-0621-4185-953A-1212D6BF9690}.Debug|Any CPU.Build.0 = Debug|Any CPU
		{A65D5910-0621-4185-953A-1212D6BF9690}.Release|Any CPU.ActiveCfg = Release|Any CPU
		{A65D5910-0621-4185-953A-1212D6BF9690}.Release|Any CPU.Build.0 = Release|Any CPU
		{BBC00C4D-513F-4498-9FFA-749C024596C9}.Debug|Any CPU.ActiveCfg = Debug|Any CPU
		{BBC00C4D-513F-4498-9FFA-749C024596C9}.Debug|Any CPU.Build.0 = Debug|Any CPU
		{BBC00C4D-513F-4498-9FFA-749C024596C9}.Release|Any CPU.ActiveCfg = Release|Any CPU
		{BBC00C4D-513F-4498-9FFA-749C024596C9}.Release|Any CPU.Build.0 = Release|Any CPU
		{16111934-54F0-4177-8C3C-DF3D2996A99C}.Debug|Any CPU.ActiveCfg = Debug|Any CPU
		{16111934-54F0-4177-8C3C-DF3D2996A99C}.Debug|Any CPU.Build.0 = Debug|Any CPU
		{16111934-54F0-4177-8C3C-DF3D2996A99C}.Release|Any CPU.ActiveCfg = Release|Any CPU
		{16111934-54F0-4177-8C3C-DF3D2996A99C}.Release|Any CPU.Build.0 = Release|Any CPU
	EndGlobalSection
	GlobalSection(SolutionProperties) = preSolution
		HideSolutionNode = FALSE
	EndGlobalSection
	GlobalSection(ExtensibilityGlobals) = postSolution
		SolutionGuid = {17396CC1-99E9-4074-9199-6AE1CCFE5D05}
	EndGlobalSection
EndGlobal
